
Microsoft Visual Studio Solution File, Format Version 12.00
# Visual Studio Version 16
VisualStudioVersion = 16.0.29306.81
MinimumVisualStudioVersion = 10.0.40219.1
Project("{FAE04EC0-301F-11D3-BF4B-00C04F79EFBC}") = "Linq3", "Linq3\Linq3.csproj", "{2228961D-942F-4820-8733-8227AFF65486}"
EndProject
Global
	GlobalSection(SolutionConfigurationPlatforms) = preSolution
		Debug|Any CPU = Debug|Any CPU
		Release|Any CPU = Release|Any CPU
	EndGlobalSection
	GlobalSection(ProjectConfigurationPlatforms) = postSolution
		{2228961D-942F-4820-8733-8227AFF65486}.Debug|Any CPU.ActiveCfg = Debug|Any CPU
		{2228961D-942F-4820-8733-8227AFF65486}.Debug|Any CPU.Build.0 = Debug|Any CPU
		{2228961D-942F-4820-8733-8227AFF65486}.Release|Any CPU.ActiveCfg = Release|Any CPU
		{2228961D-942F-4820-8733-8227AFF65486}.Release|Any CPU.Build.0 = Release|Any CPU
	EndGlobalSection
	GlobalSection(SolutionProperties) = preSolution
		HideSolutionNode = FALSE
	EndGlobalSection
	GlobalSection(ExtensibilityGlobals) = postSolution
		SolutionGuid = {9855F34D-1C6E-4898-8B5F-79BC51DE4F52}
	EndGlobalSection
EndGlobal
