
Microsoft Visual Studio Solution File, Format Version 12.00
# Visual Studio Version 16
VisualStudioVersion = 16.0.29306.81
MinimumVisualStudioVersion = 10.0.40219.1
Project("{FAE04EC0-301F-11D3-BF4B-00C04F79EFBC}") = "Linq9", "Linq9\Linq9.csproj", "{03F05505-A53F-47EE-A338-F77567EBC29A}"
EndProject
Global
	GlobalSection(SolutionConfigurationPlatforms) = preSolution
		Debug|Any CPU = Debug|Any CPU
		Release|Any CPU = Release|Any CPU
	EndGlobalSection
	GlobalSection(ProjectConfigurationPlatforms) = postSolution
		{03F05505-A53F-47EE-A338-F77567EBC29A}.Debug|Any CPU.ActiveCfg = Debug|Any CPU
		{03F05505-A53F-47EE-A338-F77567EBC29A}.Debug|Any CPU.Build.0 = Debug|Any CPU
		{03F05505-A53F-47EE-A338-F77567EBC29A}.Release|Any CPU.ActiveCfg = Release|Any CPU
		{03F05505-A53F-47EE-A338-F77567EBC29A}.Release|Any CPU.Build.0 = Release|Any CPU
	EndGlobalSection
	GlobalSection(SolutionProperties) = preSolution
		HideSolutionNode = FALSE
	EndGlobalSection
	GlobalSection(ExtensibilityGlobals) = postSolution
		SolutionGuid = {449FFC9C-F465-490F-A453-F6627EA80B05}
	EndGlobalSection
EndGlobal
