
Microsoft Visual Studio Solution File, Format Version 12.00
# Visual Studio Version 16
VisualStudioVersion = 16.0.29306.81
MinimumVisualStudioVersion = 10.0.40219.1
Project("{FAE04EC0-301F-11D3-BF4B-00C04F79EFBC}") = "Linq8", "Linq8\Linq8.csproj", "{6C3E4633-1958-4462-B7CD-47708D9E1960}"
EndProject
Global
	GlobalSection(SolutionConfigurationPlatforms) = preSolution
		Debug|Any CPU = Debug|Any CPU
		Release|Any CPU = Release|Any CPU
	EndGlobalSection
	GlobalSection(ProjectConfigurationPlatforms) = postSolution
		{6C3E4633-1958-4462-B7CD-47708D9E1960}.Debug|Any CPU.ActiveCfg = Debug|Any CPU
		{6C3E4633-1958-4462-B7CD-47708D9E1960}.Debug|Any CPU.Build.0 = Debug|Any CPU
		{6C3E4633-1958-4462-B7CD-47708D9E1960}.Release|Any CPU.ActiveCfg = Release|Any CPU
		{6C3E4633-1958-4462-B7CD-47708D9E1960}.Release|Any CPU.Build.0 = Release|Any CPU
	EndGlobalSection
	GlobalSection(SolutionProperties) = preSolution
		HideSolutionNode = FALSE
	EndGlobalSection
	GlobalSection(ExtensibilityGlobals) = postSolution
		SolutionGuid = {7FC7246F-84CC-4D1F-B227-488BC0B773DD}
	EndGlobalSection
EndGlobal
