
Microsoft Visual Studio Solution File, Format Version 12.00
# Visual Studio Version 16
VisualStudioVersion = 16.0.29306.81
MinimumVisualStudioVersion = 10.0.40219.1
Project("{FAE04EC0-301F-11D3-BF4B-00C04F79EFBC}") = "Linq6", "Linq6\Linq6.csproj", "{441CC0FC-F0F0-45C4-9874-75543B20278D}"
EndProject
Global
	GlobalSection(SolutionConfigurationPlatforms) = preSolution
		Debug|Any CPU = Debug|Any CPU
		Release|Any CPU = Release|Any CPU
	EndGlobalSection
	GlobalSection(ProjectConfigurationPlatforms) = postSolution
		{441CC0FC-F0F0-45C4-9874-75543B20278D}.Debug|Any CPU.ActiveCfg = Debug|Any CPU
		{441CC0FC-F0F0-45C4-9874-75543B20278D}.Debug|Any CPU.Build.0 = Debug|Any CPU
		{441CC0FC-F0F0-45C4-9874-75543B20278D}.Release|Any CPU.ActiveCfg = Release|Any CPU
		{441CC0FC-F0F0-45C4-9874-75543B20278D}.Release|Any CPU.Build.0 = Release|Any CPU
	EndGlobalSection
	GlobalSection(SolutionProperties) = preSolution
		HideSolutionNode = FALSE
	EndGlobalSection
	GlobalSection(ExtensibilityGlobals) = postSolution
		SolutionGuid = {C9894178-2C48-44A1-8A32-80A7BEA78C49}
	EndGlobalSection
EndGlobal
